
Microsoft Visual Studio Solution File, Format Version 12.00
# Visual Studio 14
VisualStudioVersion = 14.0.25420.1
MinimumVisualStudioVersion = 10.0.40219.1
Project("{FAE04EC0-301F-11D3-BF4B-00C04F79EFBC}") = "OllyHomeworkProject", "OllyHomeworkProject\OllyHomeworkProject.csproj", "{A4899486-C387-4076-813A-BFCB7E468FB2}"
EndProject
Project("{FAE04EC0-301F-11D3-BF4B-00C04F79EFBC}") = "BLL", "BLL\BLL.csproj", "{161A27D0-A7E9-4E8A-92B6-34AE989EFF43}"
EndProject
Global
	GlobalSection(SolutionConfigurationPlatforms) = preSolution
		Debug|Any CPU = Debug|Any CPU
		Release|Any CPU = Release|Any CPU
	EndGlobalSection
	GlobalSection(ProjectConfigurationPlatforms) = postSolution
		{A4899486-C387-4076-813A-BFCB7E468FB2}.Debug|Any CPU.ActiveCfg = Debug|Any CPU
		{A4899486-C387-4076-813A-BFCB7E468FB2}.Debug|Any CPU.Build.0 = Debug|Any CPU
		{A4899486-C387-4076-813A-BFCB7E468FB2}.Release|Any CPU.ActiveCfg = Release|Any CPU
		{A4899486-C387-4076-813A-BFCB7E468FB2}.Release|Any CPU.Build.0 = Release|Any CPU
		{161A27D0-A7E9-4E8A-92B6-34AE989EFF43}.Debug|Any CPU.ActiveCfg = Debug|Any CPU
		{161A27D0-A7E9-4E8A-92B6-34AE989EFF43}.Debug|Any CPU.Build.0 = Debug|Any CPU
		{161A27D0-A7E9-4E8A-92B6-34AE989EFF43}.Release|Any CPU.ActiveCfg = Release|Any CPU
		{161A27D0-A7E9-4E8A-92B6-34AE989EFF43}.Release|Any CPU.Build.0 = Release|Any CPU
	EndGlobalSection
	GlobalSection(SolutionProperties) = preSolution
		HideSolutionNode = FALSE
	EndGlobalSection
EndGlobal
